
Microsoft Visual Studio Solution File, Format Version 12.00
# Visual Studio Version 17
VisualStudioVersion = 17.13.35825.156
MinimumVisualStudioVersion = 10.0.40219.1
Project("{FAE04EC0-301F-11D3-BF4B-00C04F79EFBC}") = "StockPredictorUI", "StockPredictorUI\StockPredictorUI.csproj", "{056C25AA-C792-49CE-B544-E8166555D7C6}"
EndProject
Project("{FAE04EC0-301F-11D3-BF4B-00C04F79EFBC}") = "xUnitTestLibrary", "xUnitTestLibrary\xUnitTestLibrary.csproj", "{8EDF1358-7956-4F69-97A6-C5D5B86612C0}"
EndProject
Global
	GlobalSection(SolutionConfigurationPlatforms) = preSolution
		Debug|Any CPU = Debug|Any CPU
		Release|Any CPU = Release|Any CPU
	EndGlobalSection
	GlobalSection(ProjectConfigurationPlatforms) = postSolution
		{056C25AA-C792-49CE-B544-E8166555D7C6}.Debug|Any CPU.ActiveCfg = Debug|Any CPU
		{056C25AA-C792-49CE-B544-E8166555D7C6}.Debug|Any CPU.Build.0 = Debug|Any CPU
		{056C25AA-C792-49CE-B544-E8166555D7C6}.Release|Any CPU.ActiveCfg = Release|Any CPU
		{056C25AA-C792-49CE-B544-E8166555D7C6}.Release|Any CPU.Build.0 = Release|Any CPU
		{8EDF1358-7956-4F69-97A6-C5D5B86612C0}.Debug|Any CPU.ActiveCfg = Debug|Any CPU
		{8EDF1358-7956-4F69-97A6-C5D5B86612C0}.Debug|Any CPU.Build.0 = Debug|Any CPU
		{8EDF1358-7956-4F69-97A6-C5D5B86612C0}.Release|Any CPU.ActiveCfg = Release|Any CPU
		{8EDF1358-7956-4F69-97A6-C5D5B86612C0}.Release|Any CPU.Build.0 = Release|Any CPU
	EndGlobalSection
	GlobalSection(SolutionProperties) = preSolution
		HideSolutionNode = FALSE
	EndGlobalSection
	GlobalSection(ExtensibilityGlobals) = postSolution
		SolutionGuid = {6AC687FE-5D6E-4155-ACA9-DAC16B975D54}
	EndGlobalSection
EndGlobal
